<?xml version="1.0" encoding="utf-8"?>
<Project ToolsVersion="4.0" xmlns="http://schemas.microsoft.com/developer/msbuild/2003">
  <ItemGroup>
    <ClCompile Include="ChildFrm.cpp">
      <Filter>Source Files</Filter>
    </ClCompile>
    <ClCompile Include="MainFrm.cpp">
      <Filter>Source Files</Filter>
    </ClCompile>
    <ClCompile Include="OutputBar.cpp">
      <Filter>Source Files</Filter>
    </ClCompile>
    <ClCompile Include="PropertiesViewBar.cpp">
      <Filter>Source Files</Filter>
    </ClCompile>
    <ClCompile Include="SymbolizerProject.cpp">
      <Filter>Source Files</Filter>
    </ClCompile>
    <ClCompile Include="SymbolizerProjectDoc.cpp">
      <Filter>Source Files</Filter>
    </ClCompile>
    <ClCompile Include="SymbolizerProjectView.cpp">
      <Filter>Source Files</Filter>
    </ClCompile>
    <ClCompile Include="ToolBox.cpp">
      <Filter>Source Files</Filter>
    </ClCompile>
    <ClCompile Include="stdafx.cpp">
      <Filter>Source Files</Filter>
    </ClCompile>
    <ClCompile Include="WorkSpaceBar.cpp">
      <Filter>Source Files</Filter>
    </ClCompile>
    <ClCompile Include="WorkSpaceBar2.cpp">
      <Filter>Source Files</Filter>
    </ClCompile>
    <ClCompile Include="PolygonSymbolizer.cpp">
      <Filter>Source Files</Filter>
    </ClCompile>
    <ClCompile Include="PolygonPatternSymbolizer.cpp">
      <Filter>Source Files</Filter>
    </ClCompile>
    <ClCompile Include="MarkerSymbolizer.cpp">
      <Filter>Source Files</Filter>
    </ClCompile>
    <ClCompile Include="FormViewPolygonSymbolizer.cpp">
      <Filter>Source Files</Filter>
    </ClCompile>
    <ClCompile Include="FormViewPolygonPatternSymbolizer.cpp">
      <Filter>Source Files</Filter>
    </ClCompile>
    <ClCompile Include="FormViewMarkerSymbolizer.cpp">
      <Filter>Source Files</Filter>
    </ClCompile>
    <ClCompile Include="TabMarker1.cpp">
      <Filter>Source Files</Filter>
    </ClCompile>
    <ClCompile Include="TabMarker2.cpp">
      <Filter>Source Files</Filter>
    </ClCompile>
    <ClCompile Include="TabCtrlMarker.cpp">
      <Filter>Source Files</Filter>
    </ClCompile>
    <ClCompile Include="TabMarker3.cpp">
      <Filter>Source Files</Filter>
    </ClCompile>
    <ClCompile Include="CustomToolTipCtrl.cpp">
      <Filter>Source Files</Filter>
    </ClCompile>
    <ClCompile Include="CustomPolygonPatternToolTipCtrl.cpp">
      <Filter>Source Files</Filter>
    </ClCompile>
    <ClCompile Include="Symbolizer\S_Marker.cpp">
      <Filter>Source Files</Filter>
    </ClCompile>
    <ClCompile Include="PaneDataSourceCSV.cpp">
      <Filter>Source Files</Filter>
    </ClCompile>
    <ClCompile Include="FormViewDataSourceCSV.cpp">
      <Filter>Source Files</Filter>
    </ClCompile>
    <ClCompile Include="PaneDataSourceGDAL.cpp">
      <Filter>Source Files</Filter>
    </ClCompile>
    <ClCompile Include="FormViewDataSourceGDAL.cpp">
      <Filter>Source Files</Filter>
    </ClCompile>
    <ClCompile Include="PaneDataSourceGEOJSON.cpp">
      <Filter>Source Files</Filter>
    </ClCompile>
    <ClCompile Include="FormViewDataSourceGEOJSON.cpp">
      <Filter>Source Files</Filter>
    </ClCompile>
    <ClCompile Include="PaneDataSourceOCCI.cpp">
      <Filter>Source Files</Filter>
    </ClCompile>
    <ClCompile Include="FormViewDataSourceOCCI.cpp">
      <Filter>Source Files</Filter>
    </ClCompile>
    <ClCompile Include="CTileZoom.cpp">
      <Filter>Source Files</Filter>
    </ClCompile>
    <ClCompile Include="GE\Affine2D.cpp">
      <Filter>Source Files</Filter>
    </ClCompile>
    <ClCompile Include="GE\Point2D.cpp">
      <Filter>Source Files</Filter>
    </ClCompile>
    <ClCompile Include="GE\Rect2D.cpp">
      <Filter>Source Files</Filter>
    </ClCompile>
    <ClCompile Include="GE\Transform2D.cpp">
      <Filter>Source Files</Filter>
    </ClCompile>
    <ClCompile Include="GE\Vector2D.cpp">
      <Filter>Source Files</Filter>
    </ClCompile>
    <ClCompile Include="UserAction.cpp">
      <Filter>Source Files</Filter>
    </ClCompile>
    <ClCompile Include="ConvertProj.cpp">
      <Filter>Source Files</Filter>
    </ClCompile>
    <ClCompile Include="ThreadPool.cpp">
      <Filter>Source Files</Filter>
    </ClCompile>
    <ClCompile Include="FootPrint.cpp">
      <Filter>Source Files</Filter>
    </ClCompile>
    <ClCompile Include="Building\Building.cpp">
      <Filter>Source Files</Filter>
    </ClCompile>
    <ClCompile Include="Building\Edge.cpp">
      <Filter>Source Files</Filter>
    </ClCompile>
    <ClCompile Include="Building\Node.cpp">
      <Filter>Source Files</Filter>
    </ClCompile>
    <ClCompile Include="TransformManager.cpp">
      <Filter>Source Files</Filter>
    </ClCompile>
    <ClCompile Include="Relation\CHeight.cpp">
      <Filter>Source Files</Filter>
    </ClCompile>
    <ClCompile Include="Relation\CWeight.cpp">
      <Filter>Source Files</Filter>
    </ClCompile>
    <ClCompile Include="Relation\CWidth.cpp">
      <Filter>Source Files</Filter>
    </ClCompile>
    <ClCompile Include="Relation\IConstraint.cpp">
      <Filter>Source Files</Filter>
    </ClCompile>
    <ClCompile Include="BmpMem.cpp">
      <Filter>Source Files</Filter>
    </ClCompile>
    <ClCompile Include="ClassView.cpp">
      <Filter>Source Files</Filter>
    </ClCompile>
    <ClCompile Include="CTree_File.cpp">
      <Filter>Source Files</Filter>
    </ClCompile>
    <ClCompile Include="ViewTree.cpp">
      <Filter>Source Files</Filter>
    </ClCompile>
    <ClCompile Include="Relations.cpp">
      <Filter>Source Files</Filter>
    </ClCompile>
    <ClCompile Include="CDialogProgress.cpp">
      <Filter>Source Files</Filter>
    </ClCompile>
    <ClCompile Include="myComparator.cpp">
      <Filter>Source Files</Filter>
    </ClCompile>
    <ClCompile Include="FileView.cpp">
      <Filter>Source Files</Filter>
    </ClCompile>
    <ClCompile Include="DlgStyleFloor.cpp">
      <Filter>Source Files</Filter>
    </ClCompile>
    <ClCompile Include="OutputWnd.cpp">
      <Filter>Source Files</Filter>
    </ClCompile>
    <ClCompile Include="PropertiesWnd.cpp">
      <Filter>Source Files</Filter>
    </ClCompile>
    <ClCompile Include="Symbolizer_Dot.cpp">
      <Filter>Source Files</Filter>
    </ClCompile>
    <ClCompile Include="Symbolizer_Line.cpp">
      <Filter>Source Files</Filter>
    </ClCompile>
    <ClCompile Include="Symbolizer_Linepattern.cpp">
      <Filter>Source Files</Filter>
    </ClCompile>
    <ClCompile Include="Symbolizer_Point.cpp">
      <Filter>Source Files</Filter>
    </ClCompile>
    <ClCompile Include="Symbolizer_Raster.cpp">
      <Filter>Source Files</Filter>
    </ClCompile>
    <ClCompile Include="WorkSpaceBar_Dot.cpp">
      <Filter>Source Files</Filter>
    </ClCompile>
    <ClCompile Include="WorkSpaceBar_Line.cpp">
      <Filter>Source Files</Filter>
    </ClCompile>
    <ClCompile Include="WorkSpaceBar_Linepattern.cpp">
      <Filter>Source Files</Filter>
    </ClCompile>
    <ClCompile Include="WorkSpaceBar_Ogr.cpp">
      <Filter>Source Files</Filter>
    </ClCompile>
    <ClCompile Include="WorkSpaceBar_Osm.cpp">
      <Filter>Source Files</Filter>
    </ClCompile>
    <ClCompile Include="WorkSpaceBar_Point.cpp">
      <Filter>Source Files</Filter>
    </ClCompile>
    <ClCompile Include="WorkSpaceBar_Postgis.cpp">
      <Filter>Source Files</Filter>
    </ClCompile>
    <ClCompile Include="WorkSpaceBar_Python.cpp">
      <Filter>Source Files</Filter>
    </ClCompile>
    <ClCompile Include="WorkSpaceBar_Raster.cpp">
      <Filter>Source Files</Filter>
    </ClCompile>
    <ClCompile Include="Tab_one_Postgis.cpp">
      <Filter>Source Files</Filter>
    </ClCompile>
    <ClCompile Include="Tab_two_Postgis.cpp">
      <Filter>Source Files</Filter>
    </ClCompile>
    <ClCompile Include="Tabctrl_Postgis.cpp">
      <Filter>Source Files</Filter>
    </ClCompile>
    <ClCompile Include="Datasources_Ogr.cpp">
      <Filter>Source Files</Filter>
    </ClCompile>
    <ClCompile Include="Datasources_Osm.cpp">
      <Filter>Source Files</Filter>
    </ClCompile>
    <ClCompile Include="Datasources_Postgis.cpp">
      <Filter>Source Files</Filter>
    </ClCompile>
    <ClCompile Include="Datasources_Python.cpp">
      <Filter>Source Files</Filter>
    </ClCompile>
  </ItemGroup>
  <ItemGroup>
    <ClInclude Include="ChildFrm.h">
      <Filter>Header Files</Filter>
    </ClInclude>
    <ClInclude Include="MainFrm.h">
      <Filter>Header Files</Filter>
    </ClInclude>
    <ClInclude Include="OutputBar.h">
      <Filter>Header Files</Filter>
    </ClInclude>
    <ClInclude Include="PropertiesViewBar.h">
      <Filter>Header Files</Filter>
    </ClInclude>
    <ClInclude Include="Resource.h">
      <Filter>Header Files</Filter>
    </ClInclude>
    <ClInclude Include="SymbolizerProject.h">
      <Filter>Header Files</Filter>
    </ClInclude>
    <ClInclude Include="SymbolizerProjectDoc.h">
      <Filter>Header Files</Filter>
    </ClInclude>
    <ClInclude Include="SymbolizerProjectView.h">
      <Filter>Header Files</Filter>
    </ClInclude>
    <ClInclude Include="stdafx.h">
      <Filter>Header Files</Filter>
    </ClInclude>
    <ClInclude Include="WorkSpaceBar.h">
      <Filter>Header Files</Filter>
    </ClInclude>
    <ClInclude Include="WorkSpaceBar2.h">
      <Filter>Header Files</Filter>
    </ClInclude>
    <ClInclude Include="ToolBox.h">
      <Filter>Header Files</Filter>
    </ClInclude>
    <ClInclude Include="PolygonSymbolizer.h">
      <Filter>Header Files</Filter>
    </ClInclude>
    <ClInclude Include="pch.h">
      <Filter>Header Files</Filter>
    </ClInclude>
    <ClInclude Include="PolygonPatternSymbolizer.h">
      <Filter>Header Files</Filter>
    </ClInclude>
    <ClInclude Include="MarkerSymbolizer.h">
      <Filter>Header Files</Filter>
    </ClInclude>
    <ClInclude Include="FormViewPolygonSymbolizer.h">
      <Filter>Header Files</Filter>
    </ClInclude>
    <ClInclude Include="FormViewPolygonPatternSymbolizer.h">
      <Filter>Header Files</Filter>
    </ClInclude>
    <ClInclude Include="FormViewMarkerSymbolizer.h">
      <Filter>Header Files</Filter>
    </ClInclude>
    <ClInclude Include="TabMarker1.h">
      <Filter>Header Files</Filter>
    </ClInclude>
    <ClInclude Include="TabMarker2.h">
      <Filter>Header Files</Filter>
    </ClInclude>
    <ClInclude Include="TabCtrlMarker.h">
      <Filter>Header Files</Filter>
    </ClInclude>
    <ClInclude Include="TabMarker3.h">
      <Filter>Header Files</Filter>
    </ClInclude>
    <ClInclude Include="CustomToolTipCtrl.h">
      <Filter>Header Files</Filter>
    </ClInclude>
    <ClInclude Include="..\..\..\..\..\..\packages\vcpkg\packages\tinyxml2_x64-windows\include\tinyxml2.h">
      <Filter>Header Files</Filter>
    </ClInclude>
    <ClInclude Include="CustomPolygonPatternToolTipCtrl.h">
      <Filter>Header Files</Filter>
    </ClInclude>
    <ClInclude Include="Symbolizer\S_Marker.h">
      <Filter>Header Files</Filter>
    </ClInclude>
    <ClInclude Include="PaneDataSourceCSV.h">
      <Filter>Header Files</Filter>
    </ClInclude>
    <ClInclude Include="FormViewDataSourceCSV.h">
      <Filter>Header Files</Filter>
    </ClInclude>
    <ClInclude Include="PaneDataSourceGDAL.h">
      <Filter>Header Files</Filter>
    </ClInclude>
    <ClInclude Include="FormViewDataSourceGDAL.h">
      <Filter>Header Files</Filter>
    </ClInclude>
    <ClInclude Include="PaneDataSourceGEOJSON.h">
      <Filter>Header Files</Filter>
    </ClInclude>
    <ClInclude Include="FormViewDataSourceGEOJSON.h">
      <Filter>Header Files</Filter>
    </ClInclude>
    <ClInclude Include="PaneDataSourceOCCI.h">
      <Filter>Header Files</Filter>
    </ClInclude>
    <ClInclude Include="FormViewDataSourceOCCI.h">
      <Filter>Header Files</Filter>
    </ClInclude>
    <ClInclude Include="TileSystem.h">
      <Filter>Header Files</Filter>
    </ClInclude>
    <ClInclude Include="CTileZoom.h">
      <Filter>Header Files</Filter>
    </ClInclude>
    <ClInclude Include="TransformActions.h">
      <Filter>Header Files</Filter>
    </ClInclude>
    <ClInclude Include="GE\Affine2D.h">
      <Filter>Header Files</Filter>
    </ClInclude>
    <ClInclude Include="GE\AStack.h">
      <Filter>Header Files</Filter>
    </ClInclude>
    <ClInclude Include="GE\Basics.h">
      <Filter>Header Files</Filter>
    </ClInclude>
    <ClInclude Include="GE\Define.h">
      <Filter>Header Files</Filter>
    </ClInclude>
    <ClInclude Include="GE\Point2D.h">
      <Filter>Header Files</Filter>
    </ClInclude>
    <ClInclude Include="GE\Rect2D.h">
      <Filter>Header Files</Filter>
    </ClInclude>
    <ClInclude Include="GE\RTree.h">
      <Filter>Header Files</Filter>
    </ClInclude>
    <ClInclude Include="GE\Transform2D.h">
      <Filter>Header Files</Filter>
    </ClInclude>
    <ClInclude Include="GE\Vector2D.h">
      <Filter>Header Files</Filter>
    </ClInclude>
    <ClInclude Include="UserAction.h">
      <Filter>Header Files</Filter>
    </ClInclude>
    <ClInclude Include="ConvertProj.h">
      <Filter>Header Files</Filter>
    </ClInclude>
    <ClInclude Include="lru_cache.h">
      <Filter>Header Files</Filter>
    </ClInclude>
    <ClInclude Include="ThreadPool.h">
      <Filter>Header Files</Filter>
    </ClInclude>
    <ClInclude Include="threadpool.hpp">
      <Filter>Header Files</Filter>
    </ClInclude>
    <ClInclude Include="threadtest.hpp">
      <Filter>Header Files</Filter>
    </ClInclude>
    <ClInclude Include="TileComparator.h">
      <Filter>Header Files</Filter>
    </ClInclude>
    <ClInclude Include="GE\pch.h">
      <Filter>Header Files</Filter>
    </ClInclude>
    <ClInclude Include="FootPrint.h">
      <Filter>Header Files</Filter>
    </ClInclude>
    <ClInclude Include="Building\Building.h">
      <Filter>Header Files</Filter>
    </ClInclude>
    <ClInclude Include="Building\Edge.h">
      <Filter>Header Files</Filter>
    </ClInclude>
    <ClInclude Include="Building\Node.h">
      <Filter>Header Files</Filter>
    </ClInclude>
    <ClInclude Include="TransformManager.h">
      <Filter>Header Files</Filter>
    </ClInclude>
    <ClInclude Include="Relation\CHeight.h">
      <Filter>Header Files</Filter>
    </ClInclude>
    <ClInclude Include="Relation\CWeight.h">
      <Filter>Header Files</Filter>
    </ClInclude>
    <ClInclude Include="Relation\CWidth.h">
      <Filter>Header Files</Filter>
    </ClInclude>
    <ClInclude Include="Relation\IConstraint.h">
      <Filter>Header Files</Filter>
    </ClInclude>
    <ClInclude Include="BmpMem.h">
      <Filter>Header Files</Filter>
    </ClInclude>
    <ClInclude Include="ClassView.h">
      <Filter>Header Files</Filter>
    </ClInclude>
    <ClInclude Include="CTree_File.h">
      <Filter>Header Files</Filter>
    </ClInclude>
    <ClInclude Include="ViewTree.h">
      <Filter>Header Files</Filter>
    </ClInclude>
    <ClInclude Include="Relations.h">
      <Filter>Header Files</Filter>
    </ClInclude>
    <ClInclude Include="CDialogProgress.h">
      <Filter>Header Files</Filter>
    </ClInclude>
    <ClInclude Include="myComparator.h">
      <Filter>Header Files</Filter>
    </ClInclude>
    <ClInclude Include="DlgStyleFloor.h">
      <Filter>Header Files</Filter>
    </ClInclude>
    <ClInclude Include="FileView.h">
      <Filter>Header Files</Filter>
    </ClInclude>
    <ClInclude Include="OutputWnd.h">
      <Filter>Header Files</Filter>
    </ClInclude>
    <ClInclude Include="PropertiesWnd.h">
      <Filter>Header Files</Filter>
    </ClInclude>
    <ClInclude Include="StringProcess.h">
      <Filter>Header Files</Filter>
    </ClInclude>
    <ClInclude Include="Symbolizer_Dot.h">
      <Filter>Header Files</Filter>
    </ClInclude>
    <ClInclude Include="Symbolizer_Line.h">
      <Filter>Header Files</Filter>
    </ClInclude>
    <ClInclude Include="Symbolizer_Linepattern.h">
      <Filter>Header Files</Filter>
    </ClInclude>
    <ClInclude Include="Symbolizer_Point.h">
      <Filter>Header Files</Filter>
    </ClInclude>
    <ClInclude Include="Symbolizer_Raster.h">
      <Filter>Header Files</Filter>
    </ClInclude>
    <ClInclude Include="WorkSpaceBar_Dot.h">
      <Filter>Header Files</Filter>
    </ClInclude>
    <ClInclude Include="WorkSpaceBar_Line.h">
      <Filter>Header Files</Filter>
    </ClInclude>
    <ClInclude Include="WorkSpaceBar_Linepattern.h">
      <Filter>Header Files</Filter>
    </ClInclude>
    <ClInclude Include="WorkSpaceBar_Ogr.h">
      <Filter>Header Files</Filter>
    </ClInclude>
    <ClInclude Include="WorkSpaceBar_Osm.h">
      <Filter>Header Files</Filter>
    </ClInclude>
    <ClInclude Include="WorkSpaceBar_Point.h">
      <Filter>Header Files</Filter>
    </ClInclude>
    <ClInclude Include="WorkSpaceBar_Postgis.h">
      <Filter>Header Files</Filter>
    </ClInclude>
    <ClInclude Include="WorkSpaceBar_Python.h">
      <Filter>Header Files</Filter>
    </ClInclude>
    <ClInclude Include="WorkSpaceBar_Raster.h">
      <Filter>Header Files</Filter>
    </ClInclude>
    <ClInclude Include="Tab_one_Postgis.h">
      <Filter>Header Files</Filter>
    </ClInclude>
    <ClInclude Include="Tab_two_Postgis.h">
      <Filter>Header Files</Filter>
    </ClInclude>
    <ClInclude Include="Tabctrl_Postgis.h">
      <Filter>Header Files</Filter>
    </ClInclude>
    <ClInclude Include="Datasources_Ogr.h">
      <Filter>Header Files</Filter>
    </ClInclude>
    <ClInclude Include="Datasources_Osm.h">
      <Filter>Header Files</Filter>
    </ClInclude>
    <ClInclude Include="Datasources_Postgis.h">
      <Filter>Header Files</Filter>
    </ClInclude>
    <ClInclude Include="Datasources_Python.h">
      <Filter>Header Files</Filter>
    </ClInclude>
  </ItemGroup>
  <ItemGroup>
    <Image Include="res\SymbolizerProject.ico">
      <Filter>Resource Files</Filter>
    </Image>
    <Image Include="res\SymbolizerProjectDoc.ico">
      <Filter>Resource Files</Filter>
    </Image>
    <Image Include="res\Toolbar.bmp">
      <Filter>Resource Files</Filter>
    </Image>
    <Image Include="res\Toolbar.png">
      <Filter>Resource Files</Filter>
    </Image>
    <Image Include="UserImages.png">
      <Filter>Resource Files</Filter>
    </Image>
    <Image Include="res\Workspace.png">
      <Filter>Resource Files</Filter>
    </Image>
    <Image Include="res\tools_page1.png">
      <Filter>Resource Files</Filter>
    </Image>
    <Image Include="res\tools_page2.png">
      <Filter>Resource Files</Filter>
    </Image>
    <Image Include="RES\Image_folder.png">
      <Filter>Resource Files</Filter>
    </Image>
    <Image Include="RES\Reset.png">
      <Filter>Resource Files</Filter>
    </Image>
  </ItemGroup>
  <ItemGroup>
    <None Include="res\SymbolizerProject.rc2">
      <Filter>Resource Files</Filter>
    </None>
    <None Include="res\SymbolizerProject.toolbar.rc2">
      <Filter>Resource Files</Filter>
    </None>
    <None Include="SymbolizerProject.aps" />
  </ItemGroup>
  <ItemGroup>
    <Filter Include="Source Files">
      <UniqueIdentifier>{4FC737F1-C7A5-4376-A066-2A32D752A2FF}</UniqueIdentifier>
      <Extensions>cpp;c;cc;cxx;def;odl;idl;hpj;bat;asm;asmx</Extensions>
    </Filter>
    <Filter Include="Header Files">
      <UniqueIdentifier>{93995380-89BD-4b04-88EB-625FBE52EBFB}</UniqueIdentifier>
      <Extensions>h;hh;hpp;hxx;hm;inl;inc;ipp;xsd</Extensions>
    </Filter>
    <Filter Include="Resource Files">
      <UniqueIdentifier>{67DA6AB6-F800-4c08-8B7A-83BB121AAD01}</UniqueIdentifier>
      <Extensions>rc;ico;cur;bmp;dlg;rc2;rct;bin;rgs;gif;jpg;jpeg;jpe;resx;tiff;tif;png;wav;mfcribbon-ms</Extensions>
    </Filter>
  </ItemGroup>
  <ItemGroup>
    <ResourceCompile Include="SymbolizerProject.rc">
      <Filter>Resource Files</Filter>
    </ResourceCompile>
  </ItemGroup>
</Project>